
Microsoft Visual Studio Solution File, Format Version 12.00
# Visual Studio Version 17
VisualStudioVersion = 17.2.32526.322
MinimumVisualStudioVersion = 10.0.40219.1
Project("{9A19103F-16F7-4668-BE54-9A1E7A4F7556}") = "SchoolManagementSystem", "SchoolManagementSystem.csproj", "{DEA51308-0C83-4977-B37A-C8ABB431F6E3}"
EndProject
Project("{9A19103F-16F7-4668-BE54-9A1E7A4F7556}") = "Entities", "..\Entities\Entities.csproj", "{F46B1BA8-B509-4F82-B048-EEA66CCCFA6E}"
EndProject
Project("{FAE04EC0-301F-11D3-BF4B-00C04F79EFBC}") = "Infrastructure", "..\Infrastructure\Infrastructure.csproj", "{9705592F-3BF8-4989-9470-BE99893BCBE9}"
EndProject
Project("{FAE04EC0-301F-11D3-BF4B-00C04F79EFBC}") = "Application", "..\Application\Application.csproj", "{DC659F9F-C34E-4D74-AF4F-55826DBB5178}"
EndProject
Global
	GlobalSection(SolutionConfigurationPlatforms) = preSolution
		Debug|Any CPU = Debug|Any CPU
		Release|Any CPU = Release|Any CPU
	EndGlobalSection
	GlobalSection(ProjectConfigurationPlatforms) = postSolution
		{DEA51308-0C83-4977-B37A-C8ABB431F6E3}.Debug|Any CPU.ActiveCfg = Debug|Any CPU
		{DEA51308-0C83-4977-B37A-C8ABB431F6E3}.Debug|Any CPU.Build.0 = Debug|Any CPU
		{DEA51308-0C83-4977-B37A-C8ABB431F6E3}.Release|Any CPU.ActiveCfg = Release|Any CPU
		{DEA51308-0C83-4977-B37A-C8ABB431F6E3}.Release|Any CPU.Build.0 = Release|Any CPU
		{F46B1BA8-B509-4F82-B048-EEA66CCCFA6E}.Debug|Any CPU.ActiveCfg = Debug|Any CPU
		{F46B1BA8-B509-4F82-B048-EEA66CCCFA6E}.Debug|Any CPU.Build.0 = Debug|Any CPU
		{F46B1BA8-B509-4F82-B048-EEA66CCCFA6E}.Release|Any CPU.ActiveCfg = Release|Any CPU
		{F46B1BA8-B509-4F82-B048-EEA66CCCFA6E}.Release|Any CPU.Build.0 = Release|Any CPU
		{9705592F-3BF8-4989-9470-BE99893BCBE9}.Debug|Any CPU.ActiveCfg = Debug|Any CPU
		{9705592F-3BF8-4989-9470-BE99893BCBE9}.Debug|Any CPU.Build.0 = Debug|Any CPU
		{9705592F-3BF8-4989-9470-BE99893BCBE9}.Release|Any CPU.ActiveCfg = Release|Any CPU
		{9705592F-3BF8-4989-9470-BE99893BCBE9}.Release|Any CPU.Build.0 = Release|Any CPU
		{DC659F9F-C34E-4D74-AF4F-55826DBB5178}.Debug|Any CPU.ActiveCfg = Debug|Any CPU
		{DC659F9F-C34E-4D74-AF4F-55826DBB5178}.Debug|Any CPU.Build.0 = Debug|Any CPU
		{DC659F9F-C34E-4D74-AF4F-55826DBB5178}.Release|Any CPU.ActiveCfg = Release|Any CPU
		{DC659F9F-C34E-4D74-AF4F-55826DBB5178}.Release|Any CPU.Build.0 = Release|Any CPU
	EndGlobalSection
	GlobalSection(SolutionProperties) = preSolution
		HideSolutionNode = FALSE
	EndGlobalSection
	GlobalSection(ExtensibilityGlobals) = postSolution
		SolutionGuid = {0DB8CB68-9DC9-41AA-8C86-0B774863843B}
	EndGlobalSection
EndGlobal
